
Microsoft Visual Studio Solution File, Format Version 12.00
# Visual Studio Version 16
VisualStudioVersion = 16.0.29613.14
MinimumVisualStudioVersion = 10.0.40219.1
Project("{FAE04EC0-301F-11D3-BF4B-00C04F79EFBC}") = "MyApp.Common", "MyApp.Common\MyApp.Common.csproj", "{32246DF2-F977-41A6-89D0-3C4E62A554D7}"
EndProject
Project("{FAE04EC0-301F-11D3-BF4B-00C04F79EFBC}") = "MyApp.Web", "MyApp.Web\MyApp.Web.csproj", "{1EC53BA6-8E82-4312-9E8B-2DBC7B6AB738}"
EndProject
Global
	GlobalSection(SolutionConfigurationPlatforms) = preSolution
		Debug|Any CPU = Debug|Any CPU
		Release|Any CPU = Release|Any CPU
	EndGlobalSection
	GlobalSection(ProjectConfigurationPlatforms) = postSolution
		{32246DF2-F977-41A6-89D0-3C4E62A554D7}.Debug|Any CPU.ActiveCfg = Debug|Any CPU
		{32246DF2-F977-41A6-89D0-3C4E62A554D7}.Debug|Any CPU.Build.0 = Debug|Any CPU
		{32246DF2-F977-41A6-89D0-3C4E62A554D7}.Release|Any CPU.ActiveCfg = Release|Any CPU
		{32246DF2-F977-41A6-89D0-3C4E62A554D7}.Release|Any CPU.Build.0 = Release|Any CPU
		{1EC53BA6-8E82-4312-9E8B-2DBC7B6AB738}.Debug|Any CPU.ActiveCfg = Debug|Any CPU
		{1EC53BA6-8E82-4312-9E8B-2DBC7B6AB738}.Debug|Any CPU.Build.0 = Debug|Any CPU
		{1EC53BA6-8E82-4312-9E8B-2DBC7B6AB738}.Release|Any CPU.ActiveCfg = Release|Any CPU
		{1EC53BA6-8E82-4312-9E8B-2DBC7B6AB738}.Release|Any CPU.Build.0 = Release|Any CPU
	EndGlobalSection
	GlobalSection(SolutionProperties) = preSolution
		HideSolutionNode = FALSE
	EndGlobalSection
	GlobalSection(ExtensibilityGlobals) = postSolution
		SolutionGuid = {6381562C-B7C6-4002-B00D-FB7C1709DA5E}
	EndGlobalSection
EndGlobal
